
Microsoft Visual Studio Solution File, Format Version 12.00
# Visual Studio Version 17
VisualStudioVersion = 17.10.34928.147
MinimumVisualStudioVersion = 10.0.40219.1
Project("{FAE04EC0-301F-11D3-BF4B-00C04F79EFBC}") = "CSCE_432_632_Project", "CSCE_432_632_Project.csproj", "{35CD5D4F-8398-4FB3-ABC8-4E284A0E20D0}"
EndProject
Global
	GlobalSection(SolutionConfigurationPlatforms) = preSolution
		Debug|Any CPU = Debug|Any CPU
		Release|Any CPU = Release|Any CPU
	EndGlobalSection
	GlobalSection(ProjectConfigurationPlatforms) = postSolution
		{35CD5D4F-8398-4FB3-ABC8-4E284A0E20D0}.Debug|Any CPU.ActiveCfg = Debug|Any CPU
		{35CD5D4F-8398-4FB3-ABC8-4E284A0E20D0}.Debug|Any CPU.Build.0 = Debug|Any CPU
		{35CD5D4F-8398-4FB3-ABC8-4E284A0E20D0}.Release|Any CPU.ActiveCfg = Release|Any CPU
		{35CD5D4F-8398-4FB3-ABC8-4E284A0E20D0}.Release|Any CPU.Build.0 = Release|Any CPU
	EndGlobalSection
	GlobalSection(SolutionProperties) = preSolution
		HideSolutionNode = FALSE
	EndGlobalSection
	GlobalSection(ExtensibilityGlobals) = postSolution
		SolutionGuid = {BE1EC3BC-B3B7-417C-AE68-63AD5B2EDCB6}
	EndGlobalSection
EndGlobal
